
Microsoft Visual Studio Solution File, Format Version 12.00
# Visual Studio Version 18
VisualStudioVersion = 18.4.11626.88
MinimumVisualStudioVersion = 10.0.40219.1
Project("{2150E333-8FDC-42A3-9474-1A3956D46DE8}") = "src", "src", "{56B4195C-A86F-45DB-BAA5-8F974D17112D}"
EndProject
Project("{2150E333-8FDC-42A3-9474-1A3956D46DE8}") = "Core", "Core", "{225C0FD8-B796-4E9E-B1E7-0E4CD13F2E45}"
EndProject
Project("{9A19103F-16F7-4668-BE54-9A1E7A4F7556}") = "Domain", "src\Core\Domain\Domain.csproj", "{F7E6892A-99E4-4702-AC1B-8B325B959089}"
EndProject
Project("{9A19103F-16F7-4668-BE54-9A1E7A4F7556}") = "Application", "src\Core\Application\Application.csproj", "{5829CFAE-7801-4CB9-9F39-3185F8AFFB19}"
EndProject
Project("{9A19103F-16F7-4668-BE54-9A1E7A4F7556}") = "Infrastructure", "src\Infrastructure\Infrastructure.csproj", "{5C3397B9-EF56-4499-B625-D1B8D1B7DD68}"
EndProject
Project("{2150E333-8FDC-42A3-9474-1A3956D46DE8}") = "Migrators", "Migrators", "{B778FB14-BDFD-454E-9FD7-5CE3572552B7}"
EndProject
Project("{9A19103F-16F7-4668-BE54-9A1E7A4F7556}") = "Migrators.PostgreSQL", "src\Migrators\Migrators.PostgreSQL\Migrators.PostgreSQL.csproj", "{927D3251-8F4E-47B2-B6FB-C2BBD49427CC}"
EndProject
Project("{2150E333-8FDC-42A3-9474-1A3956D46DE8}") = "Solution Items", "Solution Items", "{626CE5D3-A235-429B-9709-66007CD169A7}"
	ProjectSection(SolutionItems) = preProject
		.dockerignore = .dockerignore
		.editorconfig = .editorconfig
		.gitignore = .gitignore
		.mcp.json = .mcp.json
		.github\copilot-instructions.md = .github\copilot-instructions.md
		Directory.Build.props = Directory.Build.props
		Directory.Build.targets = Directory.Build.targets
		dotnet.ruleset = dotnet.ruleset
		global.json = global.json
		stylecop.json = stylecop.json
	EndProjectSection
EndProject
Project("{9A19103F-16F7-4668-BE54-9A1E7A4F7556}") = "Shared", "src\Core\Shared\Shared.csproj", "{5B986063-2160-4F86-AF1D-7F97671146C5}"
EndProject
Project("{2150E333-8FDC-42A3-9474-1A3956D46DE8}") = "Host", "Host", "{3A4A94BC-CE99-47B4-9BD4-88332B9DD95A}"
EndProject
Project("{9A19103F-16F7-4668-BE54-9A1E7A4F7556}") = "WebAPI", "src\Host\WebAPI\WebAPI.csproj", "{74126174-19A6-44F7-8661-2E9BBCC6F968}"
EndProject
Project("{FAE04EC0-301F-11D3-BF4B-00C04F79EFBC}") = "Migrators.MSSQL", "src\Migrators\Migrators.MSSQL\Migrators.MSSQL.csproj", "{4CE28F63-D7C1-98EE-AE8D-55C3F8CB9235}"
EndProject
Project("{FAE04EC0-301F-11D3-BF4B-00C04F79EFBC}") = "ERP", "..\Desktop App\ERP\ERP.csproj", "{6AB3850D-115B-4BE3-833C-A6E30E18FD82}"
EndProject
Global
	GlobalSection(SolutionConfigurationPlatforms) = preSolution
		Debug|Any CPU = Debug|Any CPU
		Debug|x64 = Debug|x64
		Debug|x86 = Debug|x86
		Release|Any CPU = Release|Any CPU
		Release|x64 = Release|x64
		Release|x86 = Release|x86
	EndGlobalSection
	GlobalSection(ProjectConfigurationPlatforms) = postSolution
		{F7E6892A-99E4-4702-AC1B-8B325B959089}.Debug|Any CPU.ActiveCfg = Debug|Any CPU
		{F7E6892A-99E4-4702-AC1B-8B325B959089}.Debug|Any CPU.Build.0 = Debug|Any CPU
		{F7E6892A-99E4-4702-AC1B-8B325B959089}.Debug|x64.ActiveCfg = Debug|Any CPU
		{F7E6892A-99E4-4702-AC1B-8B325B959089}.Debug|x64.Build.0 = Debug|Any CPU
		{F7E6892A-99E4-4702-AC1B-8B325B959089}.Debug|x86.ActiveCfg = Debug|Any CPU
		{F7E6892A-99E4-4702-AC1B-8B325B959089}.Debug|x86.Build.0 = Debug|Any CPU
		{F7E6892A-99E4-4702-AC1B-8B325B959089}.Release|Any CPU.ActiveCfg = Release|Any CPU
		{F7E6892A-99E4-4702-AC1B-8B325B959089}.Release|Any CPU.Build.0 = Release|Any CPU
		{F7E6892A-99E4-4702-AC1B-8B325B959089}.Release|x64.ActiveCfg = Release|Any CPU
		{F7E6892A-99E4-4702-AC1B-8B325B959089}.Release|x64.Build.0 = Release|Any CPU
		{F7E6892A-99E4-4702-AC1B-8B325B959089}.Release|x86.ActiveCfg = Release|Any CPU
		{F7E6892A-99E4-4702-AC1B-8B325B959089}.Release|x86.Build.0 = Release|Any CPU
		{5829CFAE-7801-4CB9-9F39-3185F8AFFB19}.Debug|Any CPU.ActiveCfg = Debug|Any CPU
		{5829CFAE-7801-4CB9-9F39-3185F8AFFB19}.Debug|Any CPU.Build.0 = Debug|Any CPU
		{5829CFAE-7801-4CB9-9F39-3185F8AFFB19}.Debug|x64.ActiveCfg = Debug|Any CPU
		{5829CFAE-7801-4CB9-9F39-3185F8AFFB19}.Debug|x64.Build.0 = Debug|Any CPU
		{5829CFAE-7801-4CB9-9F39-3185F8AFFB19}.Debug|x86.ActiveCfg = Debug|Any CPU
		{5829CFAE-7801-4CB9-9F39-3185F8AFFB19}.Debug|x86.Build.0 = Debug|Any CPU
		{5829CFAE-7801-4CB9-9F39-3185F8AFFB19}.Release|Any CPU.ActiveCfg = Release|Any CPU
		{5829CFAE-7801-4CB9-9F39-3185F8AFFB19}.Release|Any CPU.Build.0 = Release|Any CPU
		{5829CFAE-7801-4CB9-9F39-3185F8AFFB19}.Release|x64.ActiveCfg = Release|Any CPU
		{5829CFAE-7801-4CB9-9F39-3185F8AFFB19}.Release|x64.Build.0 = Release|Any CPU
		{5829CFAE-7801-4CB9-9F39-3185F8AFFB19}.Release|x86.ActiveCfg = Release|Any CPU
		{5829CFAE-7801-4CB9-9F39-3185F8AFFB19}.Release|x86.Build.0 = Release|Any CPU
		{5C3397B9-EF56-4499-B625-D1B8D1B7DD68}.Debug|Any CPU.ActiveCfg = Debug|Any CPU
		{5C3397B9-EF56-4499-B625-D1B8D1B7DD68}.Debug|Any CPU.Build.0 = Debug|Any CPU
		{5C3397B9-EF56-4499-B625-D1B8D1B7DD68}.Debug|x64.ActiveCfg = Debug|Any CPU
		{5C3397B9-EF56-4499-B625-D1B8D1B7DD68}.Debug|x64.Build.0 = Debug|Any CPU
		{5C3397B9-EF56-4499-B625-D1B8D1B7DD68}.Debug|x86.ActiveCfg = Debug|Any CPU
		{5C3397B9-EF56-4499-B625-D1B8D1B7DD68}.Debug|x86.Build.0 = Debug|Any CPU
		{5C3397B9-EF56-4499-B625-D1B8D1B7DD68}.Release|Any CPU.ActiveCfg = Release|Any CPU
		{5C3397B9-EF56-4499-B625-D1B8D1B7DD68}.Release|Any CPU.Build.0 = Release|Any CPU
		{5C3397B9-EF56-4499-B625-D1B8D1B7DD68}.Release|x64.ActiveCfg = Release|Any CPU
		{5C3397B9-EF56-4499-B625-D1B8D1B7DD68}.Release|x64.Build.0 = Release|Any CPU
		{5C3397B9-EF56-4499-B625-D1B8D1B7DD68}.Release|x86.ActiveCfg = Release|Any CPU
		{5C3397B9-EF56-4499-B625-D1B8D1B7DD68}.Release|x86.Build.0 = Release|Any CPU
		{927D3251-8F4E-47B2-B6FB-C2BBD49427CC}.Debug|Any CPU.ActiveCfg = Debug|Any CPU
		{927D3251-8F4E-47B2-B6FB-C2BBD49427CC}.Debug|Any CPU.Build.0 = Debug|Any CPU
		{927D3251-8F4E-47B2-B6FB-C2BBD49427CC}.Debug|x64.ActiveCfg = Debug|Any CPU
		{927D3251-8F4E-47B2-B6FB-C2BBD49427CC}.Debug|x64.Build.0 = Debug|Any CPU
		{927D3251-8F4E-47B2-B6FB-C2BBD49427CC}.Debug|x86.ActiveCfg = Debug|Any CPU
		{927D3251-8F4E-47B2-B6FB-C2BBD49427CC}.Debug|x86.Build.0 = Debug|Any CPU
		{927D3251-8F4E-47B2-B6FB-C2BBD49427CC}.Release|Any CPU.ActiveCfg = Release|Any CPU
		{927D3251-8F4E-47B2-B6FB-C2BBD49427CC}.Release|Any CPU.Build.0 = Release|Any CPU
		{927D3251-8F4E-47B2-B6FB-C2BBD49427CC}.Release|x64.ActiveCfg = Release|Any CPU
		{927D3251-8F4E-47B2-B6FB-C2BBD49427CC}.Release|x64.Build.0 = Release|Any CPU
		{927D3251-8F4E-47B2-B6FB-C2BBD49427CC}.Release|x86.ActiveCfg = Release|Any CPU
		{927D3251-8F4E-47B2-B6FB-C2BBD49427CC}.Release|x86.Build.0 = Release|Any CPU
		{5B986063-2160-4F86-AF1D-7F97671146C5}.Debug|Any CPU.ActiveCfg = Debug|Any CPU
		{5B986063-2160-4F86-AF1D-7F97671146C5}.Debug|Any CPU.Build.0 = Debug|Any CPU
		{5B986063-2160-4F86-AF1D-7F97671146C5}.Debug|x64.ActiveCfg = Debug|Any CPU
		{5B986063-2160-4F86-AF1D-7F97671146C5}.Debug|x64.Build.0 = Debug|Any CPU
		{5B986063-2160-4F86-AF1D-7F97671146C5}.Debug|x86.ActiveCfg = Debug|Any CPU
		{5B986063-2160-4F86-AF1D-7F97671146C5}.Debug|x86.Build.0 = Debug|Any CPU
		{5B986063-2160-4F86-AF1D-7F97671146C5}.Release|Any CPU.ActiveCfg = Release|Any CPU
		{5B986063-2160-4F86-AF1D-7F97671146C5}.Release|Any CPU.Build.0 = Release|Any CPU
		{5B986063-2160-4F86-AF1D-7F97671146C5}.Release|x64.ActiveCfg = Release|Any CPU
		{5B986063-2160-4F86-AF1D-7F97671146C5}.Release|x64.Build.0 = Release|Any CPU
		{5B986063-2160-4F86-AF1D-7F97671146C5}.Release|x86.ActiveCfg = Release|Any CPU
		{5B986063-2160-4F86-AF1D-7F97671146C5}.Release|x86.Build.0 = Release|Any CPU
		{74126174-19A6-44F7-8661-2E9BBCC6F968}.Debug|Any CPU.ActiveCfg = Debug|Any CPU
		{74126174-19A6-44F7-8661-2E9BBCC6F968}.Debug|Any CPU.Build.0 = Debug|Any CPU
		{74126174-19A6-44F7-8661-2E9BBCC6F968}.Debug|x64.ActiveCfg = Debug|Any CPU
		{74126174-19A6-44F7-8661-2E9BBCC6F968}.Debug|x64.Build.0 = Debug|Any CPU
		{74126174-19A6-44F7-8661-2E9BBCC6F968}.Debug|x86.ActiveCfg = Debug|Any CPU
		{74126174-19A6-44F7-8661-2E9BBCC6F968}.Debug|x86.Build.0 = Debug|Any CPU
		{74126174-19A6-44F7-8661-2E9BBCC6F968}.Release|Any CPU.ActiveCfg = Release|Any CPU
		{74126174-19A6-44F7-8661-2E9BBCC6F968}.Release|Any CPU.Build.0 = Release|Any CPU
		{74126174-19A6-44F7-8661-2E9BBCC6F968}.Release|x64.ActiveCfg = Release|Any CPU
		{74126174-19A6-44F7-8661-2E9BBCC6F968}.Release|x64.Build.0 = Release|Any CPU
		{74126174-19A6-44F7-8661-2E9BBCC6F968}.Release|x86.ActiveCfg = Release|Any CPU
		{74126174-19A6-44F7-8661-2E9BBCC6F968}.Release|x86.Build.0 = Release|Any CPU
		{4CE28F63-D7C1-98EE-AE8D-55C3F8CB9235}.Debug|Any CPU.ActiveCfg = Debug|Any CPU
		{4CE28F63-D7C1-98EE-AE8D-55C3F8CB9235}.Debug|Any CPU.Build.0 = Debug|Any CPU
		{4CE28F63-D7C1-98EE-AE8D-55C3F8CB9235}.Debug|x64.ActiveCfg = Debug|Any CPU
		{4CE28F63-D7C1-98EE-AE8D-55C3F8CB9235}.Debug|x64.Build.0 = Debug|Any CPU
		{4CE28F63-D7C1-98EE-AE8D-55C3F8CB9235}.Debug|x86.ActiveCfg = Debug|Any CPU
		{4CE28F63-D7C1-98EE-AE8D-55C3F8CB9235}.Debug|x86.Build.0 = Debug|Any CPU
		{4CE28F63-D7C1-98EE-AE8D-55C3F8CB9235}.Release|Any CPU.ActiveCfg = Release|Any CPU
		{4CE28F63-D7C1-98EE-AE8D-55C3F8CB9235}.Release|Any CPU.Build.0 = Release|Any CPU
		{4CE28F63-D7C1-98EE-AE8D-55C3F8CB9235}.Release|x64.ActiveCfg = Release|Any CPU
		{4CE28F63-D7C1-98EE-AE8D-55C3F8CB9235}.Release|x64.Build.0 = Release|Any CPU
		{4CE28F63-D7C1-98EE-AE8D-55C3F8CB9235}.Release|x86.ActiveCfg = Release|Any CPU
		{4CE28F63-D7C1-98EE-AE8D-55C3F8CB9235}.Release|x86.Build.0 = Release|Any CPU
		{6AB3850D-115B-4BE3-833C-A6E30E18FD82}.Debug|Any CPU.ActiveCfg = Debug|x86
		{6AB3850D-115B-4BE3-833C-A6E30E18FD82}.Debug|Any CPU.Build.0 = Debug|x86
		{6AB3850D-115B-4BE3-833C-A6E30E18FD82}.Debug|x64.ActiveCfg = Debug|x86
		{6AB3850D-115B-4BE3-833C-A6E30E18FD82}.Debug|x64.Build.0 = Debug|x86
		{6AB3850D-115B-4BE3-833C-A6E30E18FD82}.Debug|x86.ActiveCfg = Debug|x86
		{6AB3850D-115B-4BE3-833C-A6E30E18FD82}.Debug|x86.Build.0 = Debug|x86
		{6AB3850D-115B-4BE3-833C-A6E30E18FD82}.Release|Any CPU.ActiveCfg = Release|x86
		{6AB3850D-115B-4BE3-833C-A6E30E18FD82}.Release|Any CPU.Build.0 = Release|x86
		{6AB3850D-115B-4BE3-833C-A6E30E18FD82}.Release|x64.ActiveCfg = Release|x86
		{6AB3850D-115B-4BE3-833C-A6E30E18FD82}.Release|x64.Build.0 = Release|x86
		{6AB3850D-115B-4BE3-833C-A6E30E18FD82}.Release|x86.ActiveCfg = Release|x86
		{6AB3850D-115B-4BE3-833C-A6E30E18FD82}.Release|x86.Build.0 = Release|x86
	EndGlobalSection
	GlobalSection(SolutionProperties) = preSolution
		HideSolutionNode = FALSE
	EndGlobalSection
	GlobalSection(NestedProjects) = preSolution
		{225C0FD8-B796-4E9E-B1E7-0E4CD13F2E45} = {56B4195C-A86F-45DB-BAA5-8F974D17112D}
		{F7E6892A-99E4-4702-AC1B-8B325B959089} = {225C0FD8-B796-4E9E-B1E7-0E4CD13F2E45}
		{5829CFAE-7801-4CB9-9F39-3185F8AFFB19} = {225C0FD8-B796-4E9E-B1E7-0E4CD13F2E45}
		{5C3397B9-EF56-4499-B625-D1B8D1B7DD68} = {56B4195C-A86F-45DB-BAA5-8F974D17112D}
		{B778FB14-BDFD-454E-9FD7-5CE3572552B7} = {56B4195C-A86F-45DB-BAA5-8F974D17112D}
		{927D3251-8F4E-47B2-B6FB-C2BBD49427CC} = {B778FB14-BDFD-454E-9FD7-5CE3572552B7}
		{5B986063-2160-4F86-AF1D-7F97671146C5} = {225C0FD8-B796-4E9E-B1E7-0E4CD13F2E45}
		{3A4A94BC-CE99-47B4-9BD4-88332B9DD95A} = {56B4195C-A86F-45DB-BAA5-8F974D17112D}
		{74126174-19A6-44F7-8661-2E9BBCC6F968} = {3A4A94BC-CE99-47B4-9BD4-88332B9DD95A}
		{4CE28F63-D7C1-98EE-AE8D-55C3F8CB9235} = {B778FB14-BDFD-454E-9FD7-5CE3572552B7}
	EndGlobalSection
	GlobalSection(ExtensibilityGlobals) = postSolution
		SolutionGuid = {D0D80036-558A-4A3A-A0BE-00CED864A4DD}
	EndGlobalSection
EndGlobal
